
Microsoft Visual Studio Solution File, Format Version 12.00
# Visual Studio Version 18
VisualStudioVersion = 18.0.11018.127
MinimumVisualStudioVersion = 10.0.40219.1
Project("{9A19103F-16F7-4668-BE54-9A1E7A4F7556}") = "AbstractFactory", "Creational patterns\AbstractFactory\AbstractFactory.csproj", "{302AF3DA-49A5-492B-885F-876DDFD969E2}"
EndProject
Project("{9A19103F-16F7-4668-BE54-9A1E7A4F7556}") = "Builder", "Creational patterns\Builder\Builder.csproj", "{B64A19A3-AE74-4D53-99E6-6CA2FDAD371B}"
EndProject
Project("{FAE04EC0-301F-11D3-BF4B-00C04F79EFBC}") = "FactoryMethod", "Creational patterns\FactoryMethod\FactoryMethod.csproj", "{EDADFFD6-F763-4F4E-B4E0-1A2AF48A523C}"
EndProject
Project("{FAE04EC0-301F-11D3-BF4B-00C04F79EFBC}") = "Prototype", "Creational patterns\Prototype\Prototype.csproj", "{579E038D-3467-433E-B028-F8247AEF8065}"
EndProject
Project("{FAE04EC0-301F-11D3-BF4B-00C04F79EFBC}") = "Singletone", "Creational patterns\Singletone\Singletone.csproj", "{63DF5651-107E-4FDB-A324-3750D39014A8}"
EndProject
Project("{2150E333-8FDC-42A3-9474-1A3956D46DE8}") = "Creational patterns", "Creational patterns", "{40C6F5F0-2BF8-48F2-9CDE-E7C86EE5B8F3}"
EndProject
Project("{2150E333-8FDC-42A3-9474-1A3956D46DE8}") = "Structural patterns", "Structural patterns", "{AB3B1D7B-CB2F-4771-ADC5-B4D078CCA336}"
EndProject
Project("{FAE04EC0-301F-11D3-BF4B-00C04F79EFBC}") = "Adapter", "Structural patterns\Adapter\Adapter.csproj", "{F90A91A3-D01B-499F-85DF-DF46C41BFAE1}"
EndProject
Project("{FAE04EC0-301F-11D3-BF4B-00C04F79EFBC}") = "Bridge", "Structural patterns\Bridge\Bridge.csproj", "{CF9B4ED3-2067-43D7-BBEC-1FE3CA49E9EA}"
EndProject
Project("{FAE04EC0-301F-11D3-BF4B-00C04F79EFBC}") = "Facade", "Structural patterns\Facade\Facade.csproj", "{EB2A5F97-0730-4145-BAB1-0EA2A8C38E6B}"
EndProject
Project("{FAE04EC0-301F-11D3-BF4B-00C04F79EFBC}") = "Decorator", "Structural patterns\Decorator\Decorator.csproj", "{4AA83BF2-91CF-474A-9C1B-2915722B30A7}"
EndProject
Global
	GlobalSection(SolutionConfigurationPlatforms) = preSolution
		Debug|Any CPU = Debug|Any CPU
		Release|Any CPU = Release|Any CPU
	EndGlobalSection
	GlobalSection(ProjectConfigurationPlatforms) = postSolution
		{302AF3DA-49A5-492B-885F-876DDFD969E2}.Debug|Any CPU.ActiveCfg = Debug|Any CPU
		{302AF3DA-49A5-492B-885F-876DDFD969E2}.Debug|Any CPU.Build.0 = Debug|Any CPU
		{302AF3DA-49A5-492B-885F-876DDFD969E2}.Release|Any CPU.ActiveCfg = Release|Any CPU
		{302AF3DA-49A5-492B-885F-876DDFD969E2}.Release|Any CPU.Build.0 = Release|Any CPU
		{B64A19A3-AE74-4D53-99E6-6CA2FDAD371B}.Debug|Any CPU.ActiveCfg = Debug|Any CPU
		{B64A19A3-AE74-4D53-99E6-6CA2FDAD371B}.Debug|Any CPU.Build.0 = Debug|Any CPU
		{B64A19A3-AE74-4D53-99E6-6CA2FDAD371B}.Release|Any CPU.ActiveCfg = Release|Any CPU
		{B64A19A3-AE74-4D53-99E6-6CA2FDAD371B}.Release|Any CPU.Build.0 = Release|Any CPU
		{EDADFFD6-F763-4F4E-B4E0-1A2AF48A523C}.Debug|Any CPU.ActiveCfg = Debug|Any CPU
		{EDADFFD6-F763-4F4E-B4E0-1A2AF48A523C}.Debug|Any CPU.Build.0 = Debug|Any CPU
		{EDADFFD6-F763-4F4E-B4E0-1A2AF48A523C}.Release|Any CPU.ActiveCfg = Release|Any CPU
		{EDADFFD6-F763-4F4E-B4E0-1A2AF48A523C}.Release|Any CPU.Build.0 = Release|Any CPU
		{579E038D-3467-433E-B028-F8247AEF8065}.Debug|Any CPU.ActiveCfg = Debug|Any CPU
		{579E038D-3467-433E-B028-F8247AEF8065}.Debug|Any CPU.Build.0 = Debug|Any CPU
		{579E038D-3467-433E-B028-F8247AEF8065}.Release|Any CPU.ActiveCfg = Release|Any CPU
		{579E038D-3467-433E-B028-F8247AEF8065}.Release|Any CPU.Build.0 = Release|Any CPU
		{63DF5651-107E-4FDB-A324-3750D39014A8}.Debug|Any CPU.ActiveCfg = Debug|Any CPU
		{63DF5651-107E-4FDB-A324-3750D39014A8}.Debug|Any CPU.Build.0 = Debug|Any CPU
		{63DF5651-107E-4FDB-A324-3750D39014A8}.Release|Any CPU.ActiveCfg = Release|Any CPU
		{63DF5651-107E-4FDB-A324-3750D39014A8}.Release|Any CPU.Build.0 = Release|Any CPU
		{F90A91A3-D01B-499F-85DF-DF46C41BFAE1}.Debug|Any CPU.ActiveCfg = Debug|Any CPU
		{F90A91A3-D01B-499F-85DF-DF46C41BFAE1}.Debug|Any CPU.Build.0 = Debug|Any CPU
		{F90A91A3-D01B-499F-85DF-DF46C41BFAE1}.Release|Any CPU.ActiveCfg = Release|Any CPU
		{F90A91A3-D01B-499F-85DF-DF46C41BFAE1}.Release|Any CPU.Build.0 = Release|Any CPU
		{CF9B4ED3-2067-43D7-BBEC-1FE3CA49E9EA}.Debug|Any CPU.ActiveCfg = Debug|Any CPU
		{CF9B4ED3-2067-43D7-BBEC-1FE3CA49E9EA}.Debug|Any CPU.Build.0 = Debug|Any CPU
		{CF9B4ED3-2067-43D7-BBEC-1FE3CA49E9EA}.Release|Any CPU.ActiveCfg = Release|Any CPU
		{CF9B4ED3-2067-43D7-BBEC-1FE3CA49E9EA}.Release|Any CPU.Build.0 = Release|Any CPU
		{EB2A5F97-0730-4145-BAB1-0EA2A8C38E6B}.Debug|Any CPU.ActiveCfg = Debug|Any CPU
		{EB2A5F97-0730-4145-BAB1-0EA2A8C38E6B}.Debug|Any CPU.Build.0 = Debug|Any CPU
		{EB2A5F97-0730-4145-BAB1-0EA2A8C38E6B}.Release|Any CPU.ActiveCfg = Release|Any CPU
		{EB2A5F97-0730-4145-BAB1-0EA2A8C38E6B}.Release|Any CPU.Build.0 = Release|Any CPU
		{4AA83BF2-91CF-474A-9C1B-2915722B30A7}.Debug|Any CPU.ActiveCfg = Debug|Any CPU
		{4AA83BF2-91CF-474A-9C1B-2915722B30A7}.Debug|Any CPU.Build.0 = Debug|Any CPU
		{4AA83BF2-91CF-474A-9C1B-2915722B30A7}.Release|Any CPU.ActiveCfg = Release|Any CPU
		{4AA83BF2-91CF-474A-9C1B-2915722B30A7}.Release|Any CPU.Build.0 = Release|Any CPU
	EndGlobalSection
	GlobalSection(SolutionProperties) = preSolution
		HideSolutionNode = FALSE
	EndGlobalSection
	GlobalSection(NestedProjects) = preSolution
		{302AF3DA-49A5-492B-885F-876DDFD969E2} = {40C6F5F0-2BF8-48F2-9CDE-E7C86EE5B8F3}
		{B64A19A3-AE74-4D53-99E6-6CA2FDAD371B} = {40C6F5F0-2BF8-48F2-9CDE-E7C86EE5B8F3}
		{EDADFFD6-F763-4F4E-B4E0-1A2AF48A523C} = {40C6F5F0-2BF8-48F2-9CDE-E7C86EE5B8F3}
		{579E038D-3467-433E-B028-F8247AEF8065} = {40C6F5F0-2BF8-48F2-9CDE-E7C86EE5B8F3}
		{63DF5651-107E-4FDB-A324-3750D39014A8} = {40C6F5F0-2BF8-48F2-9CDE-E7C86EE5B8F3}
		{F90A91A3-D01B-499F-85DF-DF46C41BFAE1} = {AB3B1D7B-CB2F-4771-ADC5-B4D078CCA336}
		{CF9B4ED3-2067-43D7-BBEC-1FE3CA49E9EA} = {AB3B1D7B-CB2F-4771-ADC5-B4D078CCA336}
		{EB2A5F97-0730-4145-BAB1-0EA2A8C38E6B} = {AB3B1D7B-CB2F-4771-ADC5-B4D078CCA336}
		{4AA83BF2-91CF-474A-9C1B-2915722B30A7} = {AB3B1D7B-CB2F-4771-ADC5-B4D078CCA336}
	EndGlobalSection
	GlobalSection(ExtensibilityGlobals) = postSolution
		SolutionGuid = {E1A507BF-A1A0-4CED-A6BF-6A33B5246BC0}
	EndGlobalSection
EndGlobal
